alias: Back Door Away Lock
description: >-
  Lock the front door if everyone leaves

id: 3e1b1531-d9ad-44d6-a94f-fb72c90b2442

mode: queued

trigger:
  - platform: state
    entity_id:
      - person.ryan
      - person.nicole
      - person.angeline
    to: "away"

condition:
  condition: state
  entity_id:
    - person.ryan
    - person.nicole
    - person.angeline
  state: "away"
  
action:
  - alias: "Lock door"
    service: input_boolean.turn_on
    target:
      entity_id: input_boolean.back_door_august_lock
      